
Microsoft Visual Studio Solution File, Format Version 12.00
# Visual Studio Version 16
VisualStudioVersion = 16.0.29318.209
MinimumVisualStudioVersion = 10.0.40219.1
Project("{FAE04EC0-301F-11D3-BF4B-00C04F79EFBC}") = "LemonadeStand", "LemonadeStand.csproj", "{8671AE8B-2357-4190-A2FF-FA2C773ECCA3}"
EndProject
Global
	GlobalSection(SolutionConfigurationPlatforms) = preSolution
		Debug|Any CPU = Debug|Any CPU
		Release|Any CPU = Release|Any CPU
	EndGlobalSection
	GlobalSection(ProjectConfigurationPlatforms) = postSolution
		{8671AE8B-2357-4190-A2FF-FA2C773ECCA3}.Debug|Any CPU.ActiveCfg = Debug|Any CPU
		{8671AE8B-2357-4190-A2FF-FA2C773ECCA3}.Debug|Any CPU.Build.0 = Debug|Any CPU
		{8671AE8B-2357-4190-A2FF-FA2C773ECCA3}.Release|Any CPU.ActiveCfg = Release|Any CPU
		{8671AE8B-2357-4190-A2FF-FA2C773ECCA3}.Release|Any CPU.Build.0 = Release|Any CPU
	EndGlobalSection
	GlobalSection(SolutionProperties) = preSolution
		HideSolutionNode = FALSE
	EndGlobalSection
	GlobalSection(ExtensibilityGlobals) = postSolution
		SolutionGuid = {F885E4D9-070C-4B4D-ABCB-928EAAE60567}
	EndGlobalSection
EndGlobal
